{
  "name": "discord-music-bot",
  "version": "1.0.0",
  "lockfileVersion": 2,
  "requires": true,
  "packages": {
    "": {
      "name": "discord-music-bot",
      "version": "1.0.0",
      "dependencies": {
        "@discordjs/voice": "^0.16.1",
        "discord.js": "^14.14.1",
        "express": "^4.18.2",
        "ffmpeg-static": "^5.2.0",
        "opusscript": "^0.1.1",
        "ytdl-core": "^4.11.5"
      },
      "engines": {
        "node": "18.x"
      }
    },
    "node_modules/@discordjs/voice": {
      "version": "0.16.1",
      "resolved": "https://registry.npmjs.org/@discordjs/voice/-/voice-0.16.1.tgz",
      "integrity": "sha512-xjlkw5wT8QN1xm9ZJoeLQnDl7C3Q/bGBDmxE/3Fy1PuwN/rHcQBmfhTDdSJN/B+1u2/FqvMfKdBe/s/xZnTpA==",
      "engines": {
        "node": ">=16.11.0"
      }
    },
    "node_modules/discord.js": {
      "version": "14.14.1",
      "resolved": "https://registry.npmjs.org/discord.js/-/discord.js-14.14.1.tgz",
      "integrity": "sha512-FZ6/svG9D1z7RxTYxJN8+r8gYBOu8LqJSXxK8pSg0N2S8f7pAZiGO5M8mWHGQIQnPXFE4cLfgWXIqgb4X2+SA==",
      "engines": {
        "node": ">=16.11.0"
      }
    },
    "node_modules/express": {
      "version": "4.18.2",
      "resolved": "https://registry.npmjs.org/express/-/express-4.18.2.tgz",
      "integrity": "sha512-5/PsL6iGPdfQ/lKM1UuielYgv3BUoJfz1aUwU9vHZ+J7gyvwdQXFEBIEIaxeGf0GIcreATNyBExtalisDbuMqQ==",
      "engines": {
        "node": ">= 0.10.0"
      }
    },
    "node_modules/ffmpeg-static": {
      "version": "5.2.0",
      "resolved": "https://registry.npmjs.org/ffmpeg-static/-/ffmpeg-static-5.2.0.tgz",
      "integrity": "sha512-WrBP7S8KB8BF8qKxdYRV3F31ByZrLBUqYlL/CWjhBs8I3UqJNGQdORpxSGIFJmQBb7JCWQ2ZvB1J2FN1KaE9g==",
      "hasInstallScript": true,
      "engines": {
        "node": ">=16"
      }
    },
    "node_modules/opusscript": {
      "version": "0.1.1",
      "resolved": "https://registry.npmjs.org/opusscript/-/opusscript-0.1.1.tgz",
      "integrity": "sha512-WY/Z2ZicrL6gUKJXRLN1SOe+1UpHnyYxMtGvIk/8RxdBfJLSabmrD1MMb9g42H4NHJFB9A+0/+s/oHJZ+PH4Q=="
    },
    "node_modules/ytdl-core": {
      "version": "4.11.5",
      "resolved": "https://registry.npmjs.org/ytdl-core/-/ytdl-core-4.11.5.tgz",
      "integrity": "sha512-27LwsW4n4nyNviRCO1hmr8Wr5J1wLLMawHCQvH8Fk0hiRqrxuIu028WzbJetiYH28xJZWZAb0r7aQBQpVCsLKg==",
      "engines": {
        "node": ">=12"
      }
    }
  },
  "dependencies": {
    "@discordjs/voice": {
      "version": "0.16.1",
      "resolved": "https://registry.npmjs.org/@discordjs/voice/-/voice-0.16.1.tgz",
      "integrity": "sha512-xjlkw5wT8QN1xm9ZJoeLQnDl7C3Q/bGBDmxE/3Fy1PuwN/rHcQBmfhTDdSJN/B+1u2/FqvMfKdBe/s/xZnTpA=="
    },
    "discord.js": {
      "version": "14.14.1",
      "resolved": "https://registry.npmjs.org/discord.js/-/discord.js-14.14.1.tgz",
      "integrity": "sha512-FZ6/svG9D1z7RxTYxJN8+r8gYBOu8LqJSXxK8pSg0N2S8f7pAZiGO5M8mWHGQIQnPXFE4cLfgWXIqgb4X2+SA=="
    },
    "express": {
      "version": "4.18.2",
      "resolved": "https://registry.npmjs.org/express/-/express-4.18.2.tgz",
      "integrity": "sha512-5/PsL6iGPdfQ/lKM1UuielYgv3BUoJfz1aUwU9vHZ+J7gyvwdQXFEBIEIaxeGf0GIcreATNyBExtalisDbuMqQ=="
    },
    "ffmpeg-static": {
      "version": "5.2.0",
      "resolved": "https://registry.npmjs.org/ffmpeg-static/-/ffmpeg-static-5.2.0.tgz",
      "integrity": "sha512-WrBP7S8KB8BF8qKxdYRV3F31ByZrLBUqYlL/CWjhBs8I3UqJNGQdORpxSGIFJmQBb7JCWQ2ZvB1J2FN1KaE9g=="
    },
    "opusscript": {
      "version": "0.1.1",
      "resolved": "https://registry.npmjs.org/opusscript/-/opusscript-0.1.1.tgz",
      "integrity": "sha512-WY/Z2ZicrL6gUKJXRLN1SOe+1UpHnyYxMtGvIk/8RxdBfJLSabmrD1MMb9g42H4NHJFB9A+0/+s/oHJZ+PH4Q=="
    },
    "ytdl-core": {
      "version": "4.11.5",
      "resolved": "https://registry.npmjs.org/ytdl-core/-/ytdl-core-4.11.5.tgz",
      "integrity": "sha512-27LwsW4n4nyNviRCO1hmr8Wr5J1wLLMawHCQvH8Fk0hiRqrxuIu028WzbJetiYH28xJZWZAb0r7aQBQpVCsLKg=="
    }
  }
}
