{
  "name": "discord-music-bot",
  "version": "1.0.0",
  "lockfileVersion": 2,
  "requires": true,
  "packages": {
    "": {
      "name": "discord-music-bot",
      "version": "1.0.0",
      "dependencies": {
        "@discordjs/voice": "^0.16.1",
        "discord.js": "^14.14.1",
        "express": "^4.18.2",
        "ffmpeg-static": "^5.2.0",
        "opusscript": "^0.1.1",
        "ytdl-core": "^4.11.5"
      }
    }
  }
}
```

4. **"Commit changes"** tıkla

---

## 🔄 VEYA: .npmrc ile npm ci'yi Devre Dışı Bırak

Daha iyi çözüm: GitHub'da `.npmrc` dosyası oluştur:

### Adımlar:

1. https://github.com/duaey/music → **"Add file"** → **"Create new file"**
2. Dosya adı: `.npmrc`
3. İçerik:
```
prefer-offline=false
package-lock=false
